
Microsoft Visual Studio Solution File, Format Version 12.00
# Visual Studio 15
Project("{FAE04EC0-301F-11D3-BF4B-00C04F79EFBC}") = "UnityEngine.UI", "UnityEngine.UI.csproj", "{3E8FAA14-F071-AB22-C845-6510CFA95E4F}"
EndProject
Project("{FAE04EC0-301F-11D3-BF4B-00C04F79EFBC}") = "Assembly-CSharp", "Assembly-CSharp.csproj", "{DA4FFFC3-1C45-2834-4C17-6ABDF962B941}"
EndProject
Project("{FAE04EC0-301F-11D3-BF4B-00C04F79EFBC}") = "UnityEditor.UI", "UnityEditor.UI.csproj", "{07ADCF64-233C-1724-9830-2C5C20BD3824}"
EndProject
Global
	GlobalSection(SolutionConfigurationPlatforms) = preSolution
		Debug|Any CPU = Debug|Any CPU
		Release|Any CPU = Release|Any CPU
	EndGlobalSection
	GlobalSection(ProjectConfigurationPlatforms) = postSolution
		{3E8FAA14-F071-AB22-C845-6510CFA95E4F}.Debug|Any CPU.ActiveCfg = Debug|Any CPU
		{3E8FAA14-F071-AB22-C845-6510CFA95E4F}.Debug|Any CPU.Build.0 = Debug|Any CPU
		{3E8FAA14-F071-AB22-C845-6510CFA95E4F}.Release|Any CPU.ActiveCfg = Release|Any CPU
		{3E8FAA14-F071-AB22-C845-6510CFA95E4F}.Release|Any CPU.Build.0 = Release|Any CPU
		{DA4FFFC3-1C45-2834-4C17-6ABDF962B941}.Debug|Any CPU.ActiveCfg = Debug|Any CPU
		{DA4FFFC3-1C45-2834-4C17-6ABDF962B941}.Debug|Any CPU.Build.0 = Debug|Any CPU
		{DA4FFFC3-1C45-2834-4C17-6ABDF962B941}.Release|Any CPU.ActiveCfg = Release|Any CPU
		{DA4FFFC3-1C45-2834-4C17-6ABDF962B941}.Release|Any CPU.Build.0 = Release|Any CPU
		{07ADCF64-233C-1724-9830-2C5C20BD3824}.Debug|Any CPU.ActiveCfg = Debug|Any CPU
		{07ADCF64-233C-1724-9830-2C5C20BD3824}.Debug|Any CPU.Build.0 = Debug|Any CPU
		{07ADCF64-233C-1724-9830-2C5C20BD3824}.Release|Any CPU.ActiveCfg = Release|Any CPU
		{07ADCF64-233C-1724-9830-2C5C20BD3824}.Release|Any CPU.Build.0 = Release|Any CPU
	EndGlobalSection
	GlobalSection(SolutionProperties) = preSolution
		HideSolutionNode = FALSE
	EndGlobalSection
EndGlobal
